
Microsoft Visual Studio Solution File, Format Version 12.00
# Visual Studio Version 17
VisualStudioVersion = 17.8.34330.188
MinimumVisualStudioVersion = 10.0.40219.1
Project("{FAE04EC0-301F-11D3-BF4B-00C04F79EFBC}") = "CodeHelper", "CodeHelper\CodeHelper.csproj", "{AEAF408B-B280-4A2A-B755-C39049915DB6}"
EndProject
Global
	GlobalSection(SolutionConfigurationPlatforms) = preSolution
		Debug|Any CPU = Debug|Any CPU
		Release|Any CPU = Release|Any CPU
	EndGlobalSection
	GlobalSection(ProjectConfigurationPlatforms) = postSolution
		{AEAF408B-B280-4A2A-B755-C39049915DB6}.Debug|Any CPU.ActiveCfg = Debug|Any CPU
		{AEAF408B-B280-4A2A-B755-C39049915DB6}.Debug|Any CPU.Build.0 = Debug|Any CPU
		{AEAF408B-B280-4A2A-B755-C39049915DB6}.Release|Any CPU.ActiveCfg = Release|Any CPU
		{AEAF408B-B280-4A2A-B755-C39049915DB6}.Release|Any CPU.Build.0 = Release|Any CPU
	EndGlobalSection
	GlobalSection(SolutionProperties) = preSolution
		HideSolutionNode = FALSE
	EndGlobalSection
	GlobalSection(ExtensibilityGlobals) = postSolution
		SolutionGuid = {472169BF-400A-422F-B62C-A67A7F012725}
	EndGlobalSection
EndGlobal
